
Microsoft Visual Studio Solution File, Format Version 12.00
# Visual Studio 2015
Project("{FAE04EC0-301F-11D3-BF4B-00C04F79EFBC}") = "FINAL GAME - blind", "FINAL GAME - blind.csproj", "{71A3A559-0CD4-AF52-8E0A-E9CA58757141}"
EndProject
Global
	GlobalSection(SolutionConfigurationPlatforms) = preSolution
		Debug|Any CPU = Debug|Any CPU
		Release|Any CPU = Release|Any CPU
	EndGlobalSection
	GlobalSection(ProjectConfigurationPlatforms) = postSolution
		{71A3A559-0CD4-AF52-8E0A-E9CA58757141}.Debug|Any CPU.ActiveCfg = Debug|Any CPU
		{71A3A559-0CD4-AF52-8E0A-E9CA58757141}.Debug|Any CPU.Build.0 = Debug|Any CPU
		{71A3A559-0CD4-AF52-8E0A-E9CA58757141}.Release|Any CPU.ActiveCfg = Release|Any CPU
		{71A3A559-0CD4-AF52-8E0A-E9CA58757141}.Release|Any CPU.Build.0 = Release|Any CPU
	EndGlobalSection
	GlobalSection(SolutionProperties) = preSolution
		HideSolutionNode = FALSE
	EndGlobalSection
EndGlobal
